{
    "requires": true,
    "lockfileVersion": 1,
    "dependencies": {
        "@types/json-schema": {
            "version": "7.0.6",
            "resolved": "https://registry.npm.taobao.org/@types/json-schema/download/@types/json-schema-7.0.6.tgz",
            "integrity": "sha1-9MfsQ+gbMZqYFRFQMXCfJph4kfA=",
            "dev": true
        },
        "ajv": {
            "version": "6.12.6",
            "resolved": "https://registry.npm.taobao.org/ajv/download/ajv-6.12.6.tgz?cache=0&sync_timestamp=1609583891415&other_urls=https%3A%2F%2Fregistry.npm.taobao.org%2Fajv%2Fdownload%2Fajv-6.12.6.tgz",
            "integrity": "sha1-uvWmLoArB9l3A0WG+MO69a3ybfQ=",
            "dev": true,
            "requires": {
                "fast-deep-equal": "3.1.3",
                "fast-json-stable-stringify": "2.1.0",
                "json-schema-traverse": "0.4.1",
                "uri-js": "4.4.1"
            }
        },
        "ajv-keywords": {
            "version": "3.5.2",
            "resolved": "https://registry.npm.taobao.org/ajv-keywords/download/ajv-keywords-3.5.2.tgz",
            "integrity": "sha1-MfKdpatuANHC0yms97WSlhTVAU0=",
            "dev": true
        },
        "big.js": {
            "version": "5.2.2",
            "resolved": "https://registry.npm.taobao.org/big.js/download/big.js-5.2.2.tgz",
            "integrity": "sha1-ZfCvOC9Xi83HQr2cKB6cstd2gyg=",
            "dev": true
        },
        "bootstrap": {
            "version": "4.5.3",
            "resolved": "https://registry.npm.taobao.org/bootstrap/download/bootstrap-4.5.3.tgz",
            "integrity": "sha1-xqcrNVqvMjkgvoACRqbk7zCZf+Y=",
            "dev": true
        },
        "chokidar": {
            "version": "3.5.0",
            "resolved": "https://registry.npm.taobao.org/chokidar/download/chokidar-3.5.0.tgz?cache=0&sync_timestamp=1609920501398&other_urls=https%3A%2F%2Fregistry.npm.taobao.org%2Fchokidar%2Fdownload%2Fchokidar-3.5.0.tgz",
            "integrity": "sha1-RYpIFqQV6dOzyqT67CuWppNanmU=",
            "dev": true,
            "requires": {
                "anymatch": "3.1.1",
                "braces": "3.0.2",
                "fsevents": "2.3.1",
                "glob-parent": "5.1.1",
                "is-binary-path": "2.1.0",
                "is-glob": "4.0.1",
                "normalize-path": "3.0.0",
                "readdirp": "3.5.0"
            },
            "dependencies": {
                "anymatch": {
                    "version": "3.1.1",
                    "resolved": "https://registry.npm.taobao.org/anymatch/download/anymatch-3.1.1.tgz",
                    "integrity": "sha1-xV7PAhheJGklk5kxDBc84xIzsUI=",
                    "dev": true,
                    "requires": {
                        "normalize-path": "3.0.0",
                        "picomatch": "2.2.2"
                    }
                },
                "binary-extensions": {
                    "version": "2.2.0",
                    "resolved": "https://registry.npm.taobao.org/binary-extensions/download/binary-extensions-2.2.0.tgz?cache=0&sync_timestamp=1610299322955&other_urls=https%3A%2F%2Fregistry.npm.taobao.org%2Fbinary-extensions%2Fdownload%2Fbinary-extensions-2.2.0.tgz",
                    "integrity": "sha1-dfUC7q+f/eQvyYgpZFvk6na9ni0=",
                    "dev": true
                },
                "braces": {
                    "version": "3.0.2",
                    "resolved": "https://registry.npm.taobao.org/braces/download/braces-3.0.2.tgz",
                    "integrity": "sha1-NFThpGLujVmeI23zNs2epPiv4Qc=",
                    "dev": true,
                    "requires": {
                        "fill-range": "7.0.1"
                    }
                },
                "fill-range": {
                    "version": "7.0.1",
                    "resolved": "https://registry.npm.taobao.org/fill-range/download/fill-range-7.0.1.tgz",
                    "integrity": "sha1-GRmmp8df44ssfHflGYU12prN2kA=",
                    "dev": true,
                    "requires": {
                        "to-regex-range": "5.0.1"
                    }
                },
                "fsevents": {
                    "version": "2.3.1",
                    "resolved": "https://registry.npm.taobao.org/fsevents/download/fsevents-2.3.1.tgz",
                    "integrity": "sha1-sgmrFMYQEmNsiGNQft9/tozFTp8=",
                    "dev": true,
                    "optional": true
                },
                "glob-parent": {
                    "version": "5.1.1",
                    "resolved": "https://registry.npm.taobao.org/glob-parent/download/glob-parent-5.1.1.tgz",
                    "integrity": "sha1-tsHvQXxOVmPqSY8cRa+saRa7wik=",
                    "dev": true,
                    "requires": {
                        "is-glob": "4.0.1"
                    }
                },
                "is-binary-path": {
                    "version": "2.1.0",
                    "resolved": "https://registry.npm.taobao.org/is-binary-path/download/is-binary-path-2.1.0.tgz",
                    "integrity": "sha1-6h9/O4DwZCNug0cPhsCcJU+0Wwk=",
                    "dev": true,
                    "requires": {
                        "binary-extensions": "2.2.0"
                    }
                },
                "is-number": {
                    "version": "7.0.0",
                    "resolved": "https://registry.npm.taobao.org/is-number/download/is-number-7.0.0.tgz",
                    "integrity": "sha1-dTU0W4lnNNX4DE0GxQlVUnoU8Ss=",
                    "dev": true
                },
                "readdirp": {
                    "version": "3.5.0",
                    "resolved": "https://registry.npm.taobao.org/readdirp/download/readdirp-3.5.0.tgz",
                    "integrity": "sha1-m6dMAZsV02UnjS6Ru4xI17TULJ4=",
                    "dev": true,
                    "requires": {
                        "picomatch": "2.2.2"
                    }
                },
                "to-regex-range": {
                    "version": "5.0.1",
                    "resolved": "https://registry.npm.taobao.org/to-regex-range/download/to-regex-range-5.0.1.tgz",
                    "integrity": "sha1-FkjESq58jZiKMmAY7XL1tN0DkuQ=",
                    "dev": true,
                    "requires": {
                        "is-number": "7.0.0"
                    }
                }
            }
        },
        "clone-deep": {
            "version": "4.0.1",
            "resolved": "https://registry.npm.taobao.org/clone-deep/download/clone-deep-4.0.1.tgz",
            "integrity": "sha1-wZ/Zvbv4WUK0/ZechNz31fB8I4c=",
            "dev": true,
            "requires": {
                "is-plain-object": "2.0.4",
                "kind-of": "6.0.3",
                "shallow-clone": "3.0.1"
            }
        },
        "cross-env": {
            "version": "7.0.3",
            "resolved": "https://registry.npm.taobao.org/cross-env/download/cross-env-7.0.3.tgz?cache=0&sync_timestamp=1606855533528&other_urls=https%3A%2F%2Fregistry.npm.taobao.org%2Fcross-env%2Fdownload%2Fcross-env-7.0.3.tgz",
            "integrity": "sha1-hlJkspZ33AFbqEGJGJZd0jL8VM8=",
            "requires": {
                "cross-spawn": "7.0.3"
            }
        },
        "cross-spawn": {
            "version": "7.0.3",
            "resolved": "https://registry.npm.taobao.org/cross-spawn/download/cross-spawn-7.0.3.tgz",
            "integrity": "sha1-9zqFudXUHQRVUcF34ogtSshXKKY=",
            "requires": {
                "path-key": "3.1.1",
                "shebang-command": "2.0.0",
                "which": "2.0.2"
            }
        },
        "de-indent": {
            "version": "1.0.2",
            "resolved": "https://registry.npm.taobao.org/de-indent/download/de-indent-1.0.2.tgz",
            "integrity": "sha1-sgOOhG3DO6pXlhKNCAS0VbjB4h0=",
            "dev": true
        },
        "emojis-list": {
            "version": "3.0.0",
            "resolved": "https://registry.npm.taobao.org/emojis-list/download/emojis-list-3.0.0.tgz",
            "integrity": "sha1-VXBmIEatKeLpFucariYKvf9Pang=",
            "dev": true
        },
        "fast-deep-equal": {
            "version": "3.1.3",
            "resolved": "https://registry.npm.taobao.org/fast-deep-equal/download/fast-deep-equal-3.1.3.tgz",
            "integrity": "sha1-On1WtVnWy8PrUSMlJE5hmmXGxSU=",
            "dev": true
        },
        "fast-json-stable-stringify": {
            "version": "2.1.0",
            "resolved": "https://registry.npm.taobao.org/fast-json-stable-stringify/download/fast-json-stable-stringify-2.1.0.tgz",
            "integrity": "sha1-h0v2nG9ATCtdmcSBNBOZ/VWJJjM=",
            "dev": true
        },
        "he": {
            "version": "1.2.0",
            "resolved": "https://registry.npm.taobao.org/he/download/he-1.2.0.tgz",
            "integrity": "sha1-hK5l+n6vsWX922FWauFLrwVmTw8=",
            "dev": true
        },
        "is-extglob": {
            "version": "2.1.1",
            "resolved": "https://registry.npm.taobao.org/is-extglob/download/is-extglob-2.1.1.tgz",
            "integrity": "sha1-qIwCU1eR8C7TfHahueqXc8gz+MI=",
            "dev": true
        },
        "is-glob": {
            "version": "4.0.1",
            "resolved": "https://registry.npm.taobao.org/is-glob/download/is-glob-4.0.1.tgz",
            "integrity": "sha1-dWfb6fL14kZ7x3q4PEopSCQHpdw=",
            "dev": true,
            "requires": {
                "is-extglob": "2.1.1"
            }
        },
        "is-plain-object": {
            "version": "2.0.4",
            "resolved": "https://registry.npm.taobao.org/is-plain-object/download/is-plain-object-2.0.4.tgz",
            "integrity": "sha1-LBY7P6+xtgbZ0Xko8FwqHDjgdnc=",
            "dev": true,
            "requires": {
                "isobject": "3.0.1"
            }
        },
        "isexe": {
            "version": "2.0.0",
            "resolved": "https://registry.npm.taobao.org/isexe/download/isexe-2.0.0.tgz",
            "integrity": "sha1-6PvzdNxVb/iUehDcsFctYz8s+hA="
        },
        "isobject": {
            "version": "3.0.1",
            "resolved": "https://registry.npm.taobao.org/isobject/download/isobject-3.0.1.tgz",
            "integrity": "sha1-TkMekrEalzFjaqH5yNHMvP2reN8=",
            "dev": true
        },
        "jquery": {
            "version": "3.5.1",
            "resolved": "https://registry.npm.taobao.org/jquery/download/jquery-3.5.1.tgz",
            "integrity": "sha1-17TQjhv9uGrS8aPQOeoXMEcXq7U=",
            "dev": true
        },
        "json-schema-traverse": {
            "version": "0.4.1",
            "resolved": "https://registry.npm.taobao.org/json-schema-traverse/download/json-schema-traverse-0.4.1.tgz?cache=0&sync_timestamp=1608000211395&other_urls=https%3A%2F%2Fregistry.npm.taobao.org%2Fjson-schema-traverse%2Fdownload%2Fjson-schema-traverse-0.4.1.tgz",
            "integrity": "sha1-afaofZUTq4u4/mO9sJecRI5oRmA=",
            "dev": true
        },
        "kind-of": {
            "version": "6.0.3",
            "resolved": "https://registry.npm.taobao.org/kind-of/download/kind-of-6.0.3.tgz",
            "integrity": "sha1-B8BQNKbDSfoG4k+jWqdttFgM5N0=",
            "dev": true
        },
        "loader-utils": {
            "version": "1.4.0",
            "resolved": "https://registry.npm.taobao.org/loader-utils/download/loader-utils-1.4.0.tgz",
            "integrity": "sha1-xXm140yzSxp07cbB+za/o3HVphM=",
            "dev": true,
            "requires": {
                "big.js": "5.2.2",
                "emojis-list": "3.0.0",
                "json5": "1.0.1"
            },
            "dependencies": {
                "json5": {
                    "version": "1.0.1",
                    "resolved": "https://registry.npm.taobao.org/json5/download/json5-1.0.1.tgz",
                    "integrity": "sha1-d5+wAYYE+oVOrL9iUhgNg1Q+Pb4=",
                    "dev": true,
                    "requires": {
                        "minimist": "1.2.5"
                    }
                }
            }
        },
        "lodash": {
            "version": "4.17.20",
            "resolved": "https://registry.npm.taobao.org/lodash/download/lodash-4.17.20.tgz",
            "integrity": "sha1-tEqbYpe8tpjxxRo1RaKzs2jVnFI=",
            "dev": true
        },
        "minimist": {
            "version": "1.2.5",
            "resolved": "https://registry.npm.taobao.org/minimist/download/minimist-1.2.5.tgz",
            "integrity": "sha1-Z9ZgFLZqaoqqDAg8X9WN9OTpdgI=",
            "dev": true
        },
        "neo-async": {
            "version": "2.6.2",
            "resolved": "https://registry.npm.taobao.org/neo-async/download/neo-async-2.6.2.tgz?cache=0&sync_timestamp=1594317853334&other_urls=https%3A%2F%2Fregistry.npm.taobao.org%2Fneo-async%2Fdownload%2Fneo-async-2.6.2.tgz",
            "integrity": "sha1-tKr7k+OustgXTKU88WOrfXMIMF8=",
            "dev": true
        },
        "normalize-path": {
            "version": "3.0.0",
            "resolved": "https://registry.npm.taobao.org/normalize-path/download/normalize-path-3.0.0.tgz",
            "integrity": "sha1-Dc1p/yOhybEf0JeDFmRKA4ghamU=",
            "dev": true
        },
        "path-key": {
            "version": "3.1.1",
            "resolved": "https://registry.npm.taobao.org/path-key/download/path-key-3.1.1.tgz",
            "integrity": "sha1-WB9q3mWMu6ZaDTOA3ndTKVBU83U="
        },
        "picomatch": {
            "version": "2.2.2",
            "resolved": "https://registry.npm.taobao.org/picomatch/download/picomatch-2.2.2.tgz",
            "integrity": "sha1-IfMz6ba46v8CRo9RRupAbTRfTa0=",
            "dev": true
        },
        "popper.js": {
            "version": "1.16.1",
            "resolved": "https://registry.npm.taobao.org/popper.js/download/popper.js-1.16.1.tgz",
            "integrity": "sha1-KiI8s9x7YhPXQOQDcr5A3kPmWxs=",
            "dev": true
        },
        "punycode": {
            "version": "2.1.1",
            "resolved": "https://registry.npm.taobao.org/punycode/download/punycode-2.1.1.tgz",
            "integrity": "sha1-tYsBCsQMIsVldhbI0sLALHv0eew=",
            "dev": true
        },
        "sass": {
            "version": "1.32.4",
            "resolved": "https://registry.npm.taobao.org/sass/download/sass-1.32.4.tgz?cache=0&sync_timestamp=1610415213029&other_urls=https%3A%2F%2Fregistry.npm.taobao.org%2Fsass%2Fdownload%2Fsass-1.32.4.tgz",
            "integrity": "sha1-MIvyndf1PUSuTwZYDpqRCtmqQR4=",
            "dev": true,
            "requires": {
                "chokidar": "3.5.0"
            }
        },
        "sass-loader": {
            "version": "8.0.2",
            "resolved": "https://registry.npm.taobao.org/sass-loader/download/sass-loader-8.0.2.tgz?cache=0&sync_timestamp=1610373167610&other_urls=https%3A%2F%2Fregistry.npm.taobao.org%2Fsass-loader%2Fdownload%2Fsass-loader-8.0.2.tgz",
            "integrity": "sha1-3r7NjDziQ8dkVPLoKQSCFQOACQ0=",
            "dev": true,
            "requires": {
                "clone-deep": "4.0.1",
                "loader-utils": "1.4.0",
                "neo-async": "2.6.2",
                "schema-utils": "2.7.1",
                "semver": "6.3.0"
            },
            "dependencies": {
                "semver": {
                    "version": "6.3.0",
                    "resolved": "https://registry.npm.taobao.org/semver/download/semver-6.3.0.tgz?cache=0&sync_timestamp=1606851912015&other_urls=https%3A%2F%2Fregistry.npm.taobao.org%2Fsemver%2Fdownload%2Fsemver-6.3.0.tgz",
                    "integrity": "sha1-7gpkyK9ejO6mdoexM3YeG+y9HT0=",
                    "dev": true
                }
            }
        },
        "schema-utils": {
            "version": "2.7.1",
            "resolved": "https://registry.npm.taobao.org/schema-utils/download/schema-utils-2.7.1.tgz",
            "integrity": "sha1-HKTzLRskxZDCA7jnpQvw6kzTlNc=",
            "dev": true,
            "requires": {
                "@types/json-schema": "7.0.6",
                "ajv": "6.12.6",
                "ajv-keywords": "3.5.2"
            }
        },
        "shallow-clone": {
            "version": "3.0.1",
            "resolved": "https://registry.npm.taobao.org/shallow-clone/download/shallow-clone-3.0.1.tgz",
            "integrity": "sha1-jymBrZJTH1UDWwH7IwdppA4C76M=",
            "dev": true,
            "requires": {
                "kind-of": "6.0.3"
            }
        },
        "shebang-command": {
            "version": "2.0.0",
            "resolved": "https://registry.npm.taobao.org/shebang-command/download/shebang-command-2.0.0.tgz",
            "integrity": "sha1-zNCvT4g1+9wmW4JGGq8MNmY/NOo=",
            "requires": {
                "shebang-regex": "3.0.0"
            }
        },
        "shebang-regex": {
            "version": "3.0.0",
            "resolved": "https://registry.npm.taobao.org/shebang-regex/download/shebang-regex-3.0.0.tgz",
            "integrity": "sha1-rhbxZE2HPsrYQ7AwexQzYtTEIXI="
        },
        "uri-js": {
            "version": "4.4.1",
            "resolved": "https://registry.npm.taobao.org/uri-js/download/uri-js-4.4.1.tgz?cache=0&sync_timestamp=1610237530009&other_urls=https%3A%2F%2Fregistry.npm.taobao.org%2Furi-js%2Fdownload%2Furi-js-4.4.1.tgz",
            "integrity": "sha1-mxpSWVIlhZ5V9mnZKPiMbFfyp34=",
            "dev": true,
            "requires": {
                "punycode": "2.1.1"
            }
        },
        "vue-template-compiler": {
            "version": "2.6.12",
            "resolved": "https://registry.npm.taobao.org/vue-template-compiler/download/vue-template-compiler-2.6.12.tgz?cache=0&sync_timestamp=1597927338574&other_urls=https%3A%2F%2Fregistry.npm.taobao.org%2Fvue-template-compiler%2Fdownload%2Fvue-template-compiler-2.6.12.tgz",
            "integrity": "sha1-lH7XGWdEyKUoXr4SM/6WBDf8xX4=",
            "dev": true,
            "requires": {
                "de-indent": "1.0.2",
                "he": "1.2.0"
            }
        },
        "which": {
            "version": "2.0.2",
            "resolved": "https://registry.npm.taobao.org/which/download/which-2.0.2.tgz",
            "integrity": "sha1-fGqN0KY2oDJ+ELWckobu6T8/UbE=",
            "requires": {
                "isexe": "2.0.0"
            }
        }
    }
}
